
Microsoft Visual Studio Solution File, Format Version 12.00
# Visual Studio 15
VisualStudioVersion = 15.0.28307.960
MinimumVisualStudioVersion = 10.0.40219.1
Project("{FAE04EC0-301F-11D3-BF4B-00C04F79EFBC}") = "CelebApi", "CelebApi\CelebApi.csproj", "{186620B1-C4FC-47A1-B3A8-2D94BB729DE7}"
EndProject
Project("{E24C65DC-7377-472B-9ABA-BC803B73C61A}") = "CelebSite(1)", "CelebSite\", "{DE400423-9772-4CB1-A1C0-E735D5810E4B}"
	ProjectSection(WebsiteProperties) = preProject
		TargetFrameworkMoniker = ".NETFramework,Version%3Dv4.0"
		Debug.AspNetCompiler.VirtualPath = "/localhost_2293"
		Debug.AspNetCompiler.PhysicalPath = "CelebSite\"
		Debug.AspNetCompiler.TargetPath = "PrecompiledWeb\localhost_2293\"
		Debug.AspNetCompiler.Updateable = "true"
		Debug.AspNetCompiler.ForceOverwrite = "true"
		Debug.AspNetCompiler.FixedNames = "false"
		Debug.AspNetCompiler.Debug = "True"
		Release.AspNetCompiler.VirtualPath = "/localhost_2293"
		Release.AspNetCompiler.PhysicalPath = "CelebSite\"
		Release.AspNetCompiler.TargetPath = "PrecompiledWeb\localhost_2293\"
		Release.AspNetCompiler.Updateable = "true"
		Release.AspNetCompiler.ForceOverwrite = "true"
		Release.AspNetCompiler.FixedNames = "false"
		Release.AspNetCompiler.Debug = "False"
		VWDPort = "2293"
		SlnRelativePath = "CelebSite\"
	EndProjectSection
EndProject
Global
	GlobalSection(SolutionConfigurationPlatforms) = preSolution
		Debug|Any CPU = Debug|Any CPU
		Release|Any CPU = Release|Any CPU
	EndGlobalSection
	GlobalSection(ProjectConfigurationPlatforms) = postSolution
		{186620B1-C4FC-47A1-B3A8-2D94BB729DE7}.Debug|Any CPU.ActiveCfg = Debug|Any CPU
		{186620B1-C4FC-47A1-B3A8-2D94BB729DE7}.Debug|Any CPU.Build.0 = Debug|Any CPU
		{186620B1-C4FC-47A1-B3A8-2D94BB729DE7}.Release|Any CPU.ActiveCfg = Release|Any CPU
		{186620B1-C4FC-47A1-B3A8-2D94BB729DE7}.Release|Any CPU.Build.0 = Release|Any CPU
		{DE400423-9772-4CB1-A1C0-E735D5810E4B}.Debug|Any CPU.ActiveCfg = Debug|Any CPU
		{DE400423-9772-4CB1-A1C0-E735D5810E4B}.Debug|Any CPU.Build.0 = Debug|Any CPU
		{DE400423-9772-4CB1-A1C0-E735D5810E4B}.Release|Any CPU.ActiveCfg = Debug|Any CPU
		{DE400423-9772-4CB1-A1C0-E735D5810E4B}.Release|Any CPU.Build.0 = Debug|Any CPU
	EndGlobalSection
	GlobalSection(SolutionProperties) = preSolution
		HideSolutionNode = FALSE
	EndGlobalSection
	GlobalSection(ExtensibilityGlobals) = postSolution
		SolutionGuid = {14E5E901-81D4-403D-965B-A0D31B6D1F2C}
	EndGlobalSection
EndGlobal
